{
  "version": 4,
  "terraform_version": "1.5.2",
  "serial": 28,
  "lineage": "b8fa2a40-d30d-3ab2-9d44-430c904a7455",
  "outputs": {
    "myip": {
      "value": "76.191.25.48",
      "type": "string"
    },
    "parth-tf-public-web-ec2-ip": {
      "value": "3.144.25.200",
      "type": "string"
    },
    "parth-tf-public-web-ec2-name": {
      "value": "parth-tf-seemingly-intense-mantis",
      "type": "string"
    },
    "parth-tf-public-web-ec2-sg": {
      "value": "parth-tf-public-web-sg",
      "type": "string"
    }
  },
  "resources": [
    {
      "mode": "data",
      "type": "http",
      "name": "myip",
      "provider": "provider[\"registry.terraform.io/hashicorp/http\"]",
      "instances": [
        {
          "schema_version": 0,
          "attributes": {
            "body": "76.191.25.48\n",
            "ca_cert_pem": null,
            "id": "http://ipv4.icanhazip.com",
            "insecure": null,
            "method": null,
            "request_body": null,
            "request_headers": null,
            "request_timeout_ms": null,
            "response_body": "76.191.25.48\n",
            "response_body_base64": "NzYuMTkxLjI1LjQ4Cg==",
            "response_headers": {
              "Access-Control-Allow-Methods": "GET",
              "Access-Control-Allow-Origin": "*",
              "Alt-Svc": "h3=\":443\"; ma=86400",
              "Cf-Ray": "7e54e6e0e845c54c-ORD",
              "Connection": "keep-alive",
              "Content-Length": "13",
              "Content-Type": "text/plain",
              "Date": "Tue, 11 Jul 2023 23:42:15 GMT",
              "Server": "cloudflare",
              "Set-Cookie": "__cf_bm=7ZNJNgz0qJ6gbCE7.2b5tIrF2s5oAHSg3_l_T86wuug-1689118935-0-AXpAGrzWQunzA7DD8yvlfVeXL9ST7dPvS6EIjFOyU5ihMLbgygKyP6QMIcJ549p3R9+YSkv5YDJrMb1oVOPjrAk=; path=/; expires=Wed, 12-Jul-23 00:12:15 GMT; domain=.icanhazip.com; HttpOnly; SameSite=None",
              "Vary": "Accept-Encoding"
            },
            "retry": null,
            "status_code": 200,
            "url": "http://ipv4.icanhazip.com"
          },
          "sensitive_attributes": []
        }
      ]
    },
    {
      "mode": "managed",
      "type": "aws_instance",
      "name": "parth-tf-public-web-ec2",
      "provider": "provider[\"registry.terraform.io/hashicorp/aws\"]",
      "instances": [
        {
          "schema_version": 1,
          "attributes": {
            "ami": "ami-0d2f97c8735a48a15",
            "arn": "arn:aws:ec2:us-east-2:792408036646:instance/i-0c216170e84b19f30",
            "associate_public_ip_address": true,
            "availability_zone": "us-east-2a",
            "capacity_reservation_specification": [
              {
                "capacity_reservation_preference": "open",
                "capacity_reservation_target": []
              }
            ],
            "cpu_core_count": 2,
            "cpu_options": [
              {
                "amd_sev_snp": "",
                "core_count": 2,
                "threads_per_core": 1
              }
            ],
            "cpu_threads_per_core": 1,
            "credit_specification": [
              {
                "cpu_credits": "standard"
              }
            ],
            "disable_api_stop": false,
            "disable_api_termination": false,
            "ebs_block_device": [],
            "ebs_optimized": false,
            "enclave_options": [
              {
                "enabled": false
              }
            ],
            "ephemeral_block_device": [],
            "get_password_data": true,
            "hibernation": false,
            "host_id": "",
            "host_resource_group_arn": null,
            "iam_instance_profile": "",
            "id": "i-0c216170e84b19f30",
            "instance_initiated_shutdown_behavior": "stop",
            "instance_lifecycle": "",
            "instance_market_options": [],
            "instance_state": "running",
            "instance_type": "t2.large",
            "ipv6_address_count": 0,
            "ipv6_addresses": [],
            "key_name": "parth-tf-seemingly-intense-mantis",
            "launch_template": [],
            "maintenance_options": [
              {
                "auto_recovery": "default"
              }
            ],
            "metadata_options": [
              {
                "http_endpoint": "enabled",
                "http_put_response_hop_limit": 1,
                "http_tokens": "optional",
                "instance_metadata_tags": "disabled"
              }
            ],
            "monitoring": false,
            "network_interface": [],
            "outpost_arn": "",
            "password_data": "T52T7sEPjL1hxvRZSJmCGBwFAtWgdaTmzzMJuBWNjAe8VvB2hEtjWjvlGYy8eN3/laKiwcXR3QRiARSkaLUstzhREw+wIkn8H6d2ILypVqW/iMJL2icZXYCLDyxKVD8WR2xA4x94cfiCiGhng1LnlRo4w2KRQaorm4CZ7qKG246xm3j83bGTh45T9mPy6E+LmkzrHFfQqbMlssuzMrKDfc6PJzxUbKGetDSxVvPm++Qx0l11dUyyitMhOvRKQhJkdxDMPh+NQoj8zpKUPhz2ASL3g8utyqOKy9E9WtnEaEVUUx0FhuwrLwYJvuriFtB7LQvBoyllppY8N/6qxl3OxSQMEi3jS84WZ0cbW3hfBhff4UwEV2OvPd3/lW4L7OkalS1BOPoioowyFKa5dfq05WQR+U5HMH6Sq0d5WBGjpCJ5N9vxZM35ysME1mus20779xuu12HuPvKoEPXajKRz6R44XG6wxtJX41lRP7bZHSdyPCH7dac9DvGEGOSnpP7VhxtzMVqxr6KDucxq5ficcJVtrta9fNoFvL9uHT2wid/rL2UFjoLOoAm9lJIUoWYP5cYHQ+SnDLkSLrPrU8F1hiTTDmqDqQ4FNyddkEbmT1HbyDfXwMfTHdD7jbJ3r1L+XIDaq76L0JY9S7h8hv3J5hNkRxR2gnI1nlsT3EeRxok=",
            "placement_group": "",
            "placement_partition_number": 0,
            "primary_network_interface_id": "eni-0ebb28b5511cd4f38",
            "private_dns": "ip-10-0-13-71.us-east-2.compute.internal",
            "private_dns_name_options": [
              {
                "enable_resource_name_dns_a_record": false,
                "enable_resource_name_dns_aaaa_record": false,
                "hostname_type": "ip-name"
              }
            ],
            "private_ip": "10.0.13.71",
            "public_dns": "",
            "public_ip": "3.144.25.200",
            "root_block_device": [
              {
                "delete_on_termination": true,
                "device_name": "/dev/sda1",
                "encrypted": false,
                "iops": 100,
                "kms_key_id": "",
                "tags": {},
                "throughput": 0,
                "volume_id": "vol-0a8a6e6131e49b01f",
                "volume_size": 30,
                "volume_type": "gp2"
              }
            ],
            "secondary_private_ips": [],
            "security_groups": [],
            "source_dest_check": true,
            "spot_instance_request_id": "",
            "subnet_id": "subnet-00feafb3dd8d3ce33",
            "tags": {
              "Name": "parth-tf-seemingly-intense-mantis"
            },
            "tags_all": {
              "Name": "parth-tf-seemingly-intense-mantis"
            },
            "tenancy": "default",
            "timeouts": null,
            "user_data": null,
            "user_data_base64": null,
            "user_data_replace_on_change": false,
            "volume_tags": null,
            "vpc_security_group_ids": [
              "sg-08d61bf55c7559d4b"
            ]
          },
          "sensitive_attributes": [],
          "private": "eyJlMmJmYjczMC1lY2FhLTExZTYtOGY4OC0zNDM2M2JjN2M0YzAiOnsiY3JlYXRlIjo2MDAwMDAwMDAwMDAsImRlbGV0ZSI6MTIwMDAwMDAwMDAwMCwidXBkYXRlIjo2MDAwMDAwMDAwMDB9LCJzY2hlbWFfdmVyc2lvbiI6IjEifQ==",
          "dependencies": [
            "aws_key_pair.parth-tf-key-pair",
            "aws_security_group.parth-tf-public-web-sg",
            "aws_subnet.parth-tf-public-subnet",
            "aws_vpc.parth-tf-vpc",
            "data.http.myip",
            "random_pet.random_pet",
            "tls_private_key.parth-tf-private-key"
          ]
        }
      ]
    },
    {
      "mode": "managed",
      "type": "aws_internet_gateway",
      "name": "parth-tf-igw",
      "provider": "provider[\"registry.terraform.io/hashicorp/aws\"]",
      "instances": [
        {
          "schema_version": 0,
          "attributes": {
            "arn": "arn:aws:ec2:us-east-2:792408036646:internet-gateway/igw-0e76c6153aa497ba7",
            "id": "igw-0e76c6153aa497ba7",
            "owner_id": "792408036646",
            "tags": {
              "Name": "parth-tf-seemingly-intense-mantis"
            },
            "tags_all": {
              "Name": "parth-tf-seemingly-intense-mantis"
            },
            "timeouts": null,
            "vpc_id": "vpc-049c3bbe89f81bfe8"
          },
          "sensitive_attributes": [],
          "private": "eyJlMmJmYjczMC1lY2FhLTExZTYtOGY4OC0zNDM2M2JjN2M0YzAiOnsiY3JlYXRlIjoxMjAwMDAwMDAwMDAwLCJkZWxldGUiOjEyMDAwMDAwMDAwMDAsInVwZGF0ZSI6MTIwMDAwMDAwMDAwMH19",
          "dependencies": [
            "aws_vpc.parth-tf-vpc",
            "random_pet.random_pet"
          ]
        }
      ]
    },
    {
      "mode": "managed",
      "type": "aws_key_pair",
      "name": "parth-tf-key-pair",
      "provider": "provider[\"registry.terraform.io/hashicorp/aws\"]",
      "instances": [
        {
          "schema_version": 1,
          "attributes": {
            "arn": "arn:aws:ec2:us-east-2:792408036646:key-pair/parth-tf-seemingly-intense-mantis",
            "fingerprint": "7c:11:b8:20:eb:dd:03:54:a6:9e:32:dd:e4:f2:ea:8f",
            "id": "parth-tf-seemingly-intense-mantis",
            "key_name": "parth-tf-seemingly-intense-mantis",
            "key_name_prefix": "",
            "key_pair_id": "key-08e16d94e33a3c421",
            "key_type": "rsa",
            "public_key": "ssh-rsa AAAAB3NzaC1yc2EAAAADAQABAAACAQCyruJg6qESJfMoUl1GloFacspSQ3Ir/oXR7vaKdmCpkzdrVMjvsIbdLR31AuCBfcIsG9MlDrj4m/2DmDy4S5RDF+fcg/9A91exYQAIe0lBwXrDffKrTcXu7rSmKaZitUz4sfOmgToUKmFqJZBwcUg2q8h3HxsscY3nTIQD00F7GJeZJPKnqMscV2bXrXxPwXCHSVt2UVpOGciGpujWs5mTCHq9OGDZyslSwwrQ3cAKB/DKGBj2BsCF/J4r5OtUynl/MOgAyz6cSVBiJr9T0/E4yMRFYP9GVWkMmkGzW9XkVWxUjsJ6DLgTaKwPJkSJbytdHsLS9xCz83q5V3s/JQlMDZmQP3zv//RHDAoXWMGgbVTwQy4weIuHuG6xU4B/XM5ZKGbRJUCReuEz9iMO9qTf1F1MYk4KOoS2SnoFN7ZOGjCHoNx2S/Qeh2m58TE/HYl3OYIYRfTFtdViliM4bVIJ59xsKg0z8s14fRqfKvqaiXQNlkjdeDkHRepb2+DdCcbBh8PtzTXPf2pyl5tM2kCPwrHza65siiYcbMPorh0QgaiEdTUtNJd+8MwQeSMmUGYQpytNGFcBpdbCLNCjfv/F67bMgJeIYH55CthbFFgnJo89ZvppNdnStKDKzkUa/4XmPWaGHGAh49AVQ1z9q2VZonxYV3sKbiQPeHPI8JcsGQ==",
            "tags": {},
            "tags_all": {}
          },
          "sensitive_attributes": [],
          "private": "eyJzY2hlbWFfdmVyc2lvbiI6IjEifQ==",
          "dependencies": [
            "random_pet.random_pet",
            "tls_private_key.parth-tf-private-key"
          ]
        }
      ]
    },
    {
      "mode": "managed",
      "type": "aws_network_acl",
      "name": "parth-tf-nacl",
      "provider": "provider[\"registry.terraform.io/hashicorp/aws\"]",
      "instances": [
        {
          "schema_version": 0,
          "attributes": {
            "arn": "arn:aws:ec2:us-east-2:792408036646:network-acl/acl-0b1a781faa48af055",
            "egress": [
              {
                "action": "allow",
                "cidr_block": "0.0.0.0/0",
                "from_port": 0,
                "icmp_code": 0,
                "icmp_type": 0,
                "ipv6_cidr_block": "",
                "protocol": "-1",
                "rule_no": 100,
                "to_port": 0
              }
            ],
            "id": "acl-0b1a781faa48af055",
            "ingress": [
              {
                "action": "allow",
                "cidr_block": "0.0.0.0/0",
                "from_port": 27017,
                "icmp_code": null,
                "icmp_type": null,
                "ipv6_cidr_block": null,
                "protocol": "tcp",
                "rule_no": 500,
                "to_port": 27017
              },
              {
                "action": "allow",
                "cidr_block": "0.0.0.0/0",
                "from_port": 443,
                "icmp_code": null,
                "icmp_type": null,
                "ipv6_cidr_block": null,
                "protocol": "tcp",
                "rule_no": 300,
                "to_port": 443
              },
              {
                "action": "allow",
                "cidr_block": "0.0.0.0/0",
                "from_port": 49152,
                "icmp_code": null,
                "icmp_type": null,
                "ipv6_cidr_block": "",
                "protocol": "tcp",
                "rule_no": 600,
                "to_port": 65535
              },
              {
                "action": "allow",
                "cidr_block": "0.0.0.0/0",
                "from_port": 80,
                "icmp_code": null,
                "icmp_type": null,
                "ipv6_cidr_block": null,
                "protocol": "tcp",
                "rule_no": 200,
                "to_port": 80
              },
              {
                "action": "allow",
                "cidr_block": "76.191.25.48/32",
                "from_port": 22,
                "icmp_code": null,
                "icmp_type": null,
                "ipv6_cidr_block": null,
                "protocol": "tcp",
                "rule_no": 100,
                "to_port": 22
              },
              {
                "action": "allow",
                "cidr_block": "76.191.25.48/32",
                "from_port": 3389,
                "icmp_code": null,
                "icmp_type": null,
                "ipv6_cidr_block": null,
                "protocol": "tcp",
                "rule_no": 400,
                "to_port": 3389
              }
            ],
            "owner_id": "792408036646",
            "subnet_ids": [
              "subnet-00feafb3dd8d3ce33",
              "subnet-079fc661628d484d6"
            ],
            "tags": {
              "Name": "parth-tf-seemingly-intense-mantis"
            },
            "tags_all": {
              "Name": "parth-tf-seemingly-intense-mantis"
            },
            "vpc_id": "vpc-049c3bbe89f81bfe8"
          },
          "sensitive_attributes": [],
          "private": "bnVsbA==",
          "dependencies": [
            "aws_subnet.parth-tf-private-subnet",
            "aws_subnet.parth-tf-public-subnet",
            "aws_vpc.parth-tf-vpc",
            "data.http.myip",
            "random_pet.random_pet"
          ]
        }
      ]
    },
    {
      "mode": "managed",
      "type": "aws_route_table",
      "name": "parth-tf-public-rt",
      "provider": "provider[\"registry.terraform.io/hashicorp/aws\"]",
      "instances": [
        {
          "schema_version": 0,
          "attributes": {
            "arn": "arn:aws:ec2:us-east-2:792408036646:route-table/rtb-028201f2b44a443b6",
            "id": "rtb-028201f2b44a443b6",
            "owner_id": "792408036646",
            "propagating_vgws": [],
            "route": [
              {
                "carrier_gateway_id": "",
                "cidr_block": "0.0.0.0/0",
                "core_network_arn": "",
                "destination_prefix_list_id": "",
                "egress_only_gateway_id": "",
                "gateway_id": "igw-0e76c6153aa497ba7",
                "ipv6_cidr_block": "",
                "local_gateway_id": "",
                "nat_gateway_id": "",
                "network_interface_id": "",
                "transit_gateway_id": "",
                "vpc_endpoint_id": "",
                "vpc_peering_connection_id": ""
              }
            ],
            "tags": {
              "Name": "parth-tf-seemingly-intense-mantis"
            },
            "tags_all": {
              "Name": "parth-tf-seemingly-intense-mantis"
            },
            "timeouts": null,
            "vpc_id": "vpc-049c3bbe89f81bfe8"
          },
          "sensitive_attributes": [],
          "private": "eyJlMmJmYjczMC1lY2FhLTExZTYtOGY4OC0zNDM2M2JjN2M0YzAiOnsiY3JlYXRlIjozMDAwMDAwMDAwMDAsImRlbGV0ZSI6MzAwMDAwMDAwMDAwLCJ1cGRhdGUiOjEyMDAwMDAwMDAwMH19",
          "dependencies": [
            "aws_internet_gateway.parth-tf-igw",
            "aws_vpc.parth-tf-vpc",
            "random_pet.random_pet"
          ]
        }
      ]
    },
    {
      "mode": "managed",
      "type": "aws_route_table_association",
      "name": "parth-tf-public-rt-assoc",
      "provider": "provider[\"registry.terraform.io/hashicorp/aws\"]",
      "instances": [
        {
          "schema_version": 0,
          "attributes": {
            "gateway_id": "",
            "id": "rtbassoc-0f2e3b9bd75ca14ef",
            "route_table_id": "rtb-028201f2b44a443b6",
            "subnet_id": "subnet-00feafb3dd8d3ce33",
            "timeouts": null
          },
          "sensitive_attributes": [],
          "private": "eyJlMmJmYjczMC1lY2FhLTExZTYtOGY4OC0zNDM2M2JjN2M0YzAiOnsiY3JlYXRlIjozMDAwMDAwMDAwMDAsImRlbGV0ZSI6MzAwMDAwMDAwMDAwLCJ1cGRhdGUiOjEyMDAwMDAwMDAwMH19",
          "dependencies": [
            "aws_internet_gateway.parth-tf-igw",
            "aws_route_table.parth-tf-public-rt",
            "aws_subnet.parth-tf-public-subnet",
            "aws_vpc.parth-tf-vpc",
            "random_pet.random_pet"
          ]
        }
      ]
    },
    {
      "mode": "managed",
      "type": "aws_security_group",
      "name": "parth-tf-private-web-sg",
      "provider": "provider[\"registry.terraform.io/hashicorp/aws\"]",
      "instances": [
        {
          "schema_version": 1,
          "attributes": {
            "arn": "arn:aws:ec2:us-east-2:792408036646:security-group/sg-0355f084a91bbaad1",
            "description": "Allow SSH and MongoDB inbound traffic from the public subnet",
            "egress": [
              {
                "cidr_blocks": [
                  "0.0.0.0/0"
                ],
                "description": "",
                "from_port": 0,
                "ipv6_cidr_blocks": [],
                "prefix_list_ids": [],
                "protocol": "-1",
                "security_groups": [],
                "self": false,
                "to_port": 0
              }
            ],
            "id": "sg-0355f084a91bbaad1",
            "ingress": [
              {
                "cidr_blocks": [
                  "10.0.0.0/20"
                ],
                "description": "MongoDB",
                "from_port": 27017,
                "ipv6_cidr_blocks": [],
                "prefix_list_ids": [],
                "protocol": "tcp",
                "security_groups": [],
                "self": false,
                "to_port": 27017
              },
              {
                "cidr_blocks": [
                  "10.0.0.0/20"
                ],
                "description": "SSH",
                "from_port": 22,
                "ipv6_cidr_blocks": [],
                "prefix_list_ids": [],
                "protocol": "tcp",
                "security_groups": [],
                "self": false,
                "to_port": 22
              }
            ],
            "name": "parth-tf-private-web-sg",
            "name_prefix": "",
            "owner_id": "792408036646",
            "revoke_rules_on_delete": false,
            "tags": {
              "Name": "parth-tf-seemingly-intense-mantis"
            },
            "tags_all": {
              "Name": "parth-tf-seemingly-intense-mantis"
            },
            "timeouts": null,
            "vpc_id": "vpc-049c3bbe89f81bfe8"
          },
          "sensitive_attributes": [],
          "private": "eyJlMmJmYjczMC1lY2FhLTExZTYtOGY4OC0zNDM2M2JjN2M0YzAiOnsiY3JlYXRlIjo2MDAwMDAwMDAwMDAsImRlbGV0ZSI6OTAwMDAwMDAwMDAwfSwic2NoZW1hX3ZlcnNpb24iOiIxIn0=",
          "dependencies": [
            "aws_vpc.parth-tf-vpc",
            "random_pet.random_pet"
          ]
        }
      ]
    },
    {
      "mode": "managed",
      "type": "aws_security_group",
      "name": "parth-tf-public-web-sg",
      "provider": "provider[\"registry.terraform.io/hashicorp/aws\"]",
      "instances": [
        {
          "schema_version": 1,
          "attributes": {
            "arn": "arn:aws:ec2:us-east-2:792408036646:security-group/sg-08d61bf55c7559d4b",
            "description": "Allow HTTP, HTTPS and RDP inbound traffic",
            "egress": [
              {
                "cidr_blocks": [
                  "0.0.0.0/0"
                ],
                "description": "",
                "from_port": 0,
                "ipv6_cidr_blocks": [],
                "prefix_list_ids": [],
                "protocol": "-1",
                "security_groups": [],
                "self": false,
                "to_port": 0
              }
            ],
            "id": "sg-08d61bf55c7559d4b",
            "ingress": [
              {
                "cidr_blocks": [
                  "0.0.0.0/0"
                ],
                "description": "HTTP",
                "from_port": 80,
                "ipv6_cidr_blocks": [],
                "prefix_list_ids": [],
                "protocol": "tcp",
                "security_groups": [],
                "self": false,
                "to_port": 80
              },
              {
                "cidr_blocks": [
                  "0.0.0.0/0"
                ],
                "description": "HTTPS",
                "from_port": 443,
                "ipv6_cidr_blocks": [],
                "prefix_list_ids": [],
                "protocol": "tcp",
                "security_groups": [],
                "self": false,
                "to_port": 443
              },
              {
                "cidr_blocks": [
                  "76.191.25.48/32"
                ],
                "description": "RDP",
                "from_port": 3389,
                "ipv6_cidr_blocks": [],
                "prefix_list_ids": [],
                "protocol": "tcp",
                "security_groups": [],
                "self": false,
                "to_port": 3389
              }
            ],
            "name": "parth-tf-public-web-sg",
            "name_prefix": "",
            "owner_id": "792408036646",
            "revoke_rules_on_delete": false,
            "tags": {
              "Name": "parth-tf-seemingly-intense-mantis"
            },
            "tags_all": {
              "Name": "parth-tf-seemingly-intense-mantis"
            },
            "timeouts": null,
            "vpc_id": "vpc-049c3bbe89f81bfe8"
          },
          "sensitive_attributes": [],
          "private": "eyJlMmJmYjczMC1lY2FhLTExZTYtOGY4OC0zNDM2M2JjN2M0YzAiOnsiY3JlYXRlIjo2MDAwMDAwMDAwMDAsImRlbGV0ZSI6OTAwMDAwMDAwMDAwfSwic2NoZW1hX3ZlcnNpb24iOiIxIn0=",
          "dependencies": [
            "aws_vpc.parth-tf-vpc",
            "data.http.myip",
            "random_pet.random_pet"
          ]
        }
      ]
    },
    {
      "mode": "managed",
      "type": "aws_subnet",
      "name": "parth-tf-private-subnet",
      "provider": "provider[\"registry.terraform.io/hashicorp/aws\"]",
      "instances": [
        {
          "schema_version": 1,
          "attributes": {
            "arn": "arn:aws:ec2:us-east-2:792408036646:subnet/subnet-079fc661628d484d6",
            "assign_ipv6_address_on_creation": false,
            "availability_zone": "us-east-2a",
            "availability_zone_id": "use2-az1",
            "cidr_block": "10.0.16.0/20",
            "customer_owned_ipv4_pool": "",
            "enable_dns64": false,
            "enable_lni_at_device_index": 0,
            "enable_resource_name_dns_a_record_on_launch": false,
            "enable_resource_name_dns_aaaa_record_on_launch": false,
            "id": "subnet-079fc661628d484d6",
            "ipv6_cidr_block": "",
            "ipv6_cidr_block_association_id": "",
            "ipv6_native": false,
            "map_customer_owned_ip_on_launch": false,
            "map_public_ip_on_launch": false,
            "outpost_arn": "",
            "owner_id": "792408036646",
            "private_dns_hostname_type_on_launch": "ip-name",
            "tags": {
              "Name": "parth-tf-seemingly-intense-mantis"
            },
            "tags_all": {
              "Name": "parth-tf-seemingly-intense-mantis"
            },
            "timeouts": null,
            "vpc_id": "vpc-049c3bbe89f81bfe8"
          },
          "sensitive_attributes": [],
          "private": "eyJlMmJmYjczMC1lY2FhLTExZTYtOGY4OC0zNDM2M2JjN2M0YzAiOnsiY3JlYXRlIjo2MDAwMDAwMDAwMDAsImRlbGV0ZSI6MTIwMDAwMDAwMDAwMH0sInNjaGVtYV92ZXJzaW9uIjoiMSJ9",
          "dependencies": [
            "aws_vpc.parth-tf-vpc",
            "random_pet.random_pet"
          ]
        }
      ]
    },
    {
      "mode": "managed",
      "type": "aws_subnet",
      "name": "parth-tf-public-subnet",
      "provider": "provider[\"registry.terraform.io/hashicorp/aws\"]",
      "instances": [
        {
          "schema_version": 1,
          "attributes": {
            "arn": "arn:aws:ec2:us-east-2:792408036646:subnet/subnet-00feafb3dd8d3ce33",
            "assign_ipv6_address_on_creation": false,
            "availability_zone": "us-east-2a",
            "availability_zone_id": "use2-az1",
            "cidr_block": "10.0.0.0/20",
            "customer_owned_ipv4_pool": "",
            "enable_dns64": false,
            "enable_lni_at_device_index": 0,
            "enable_resource_name_dns_a_record_on_launch": false,
            "enable_resource_name_dns_aaaa_record_on_launch": false,
            "id": "subnet-00feafb3dd8d3ce33",
            "ipv6_cidr_block": "",
            "ipv6_cidr_block_association_id": "",
            "ipv6_native": false,
            "map_customer_owned_ip_on_launch": false,
            "map_public_ip_on_launch": true,
            "outpost_arn": "",
            "owner_id": "792408036646",
            "private_dns_hostname_type_on_launch": "ip-name",
            "tags": {
              "Name": "parth-tf-seemingly-intense-mantis"
            },
            "tags_all": {
              "Name": "parth-tf-seemingly-intense-mantis"
            },
            "timeouts": null,
            "vpc_id": "vpc-049c3bbe89f81bfe8"
          },
          "sensitive_attributes": [],
          "private": "eyJlMmJmYjczMC1lY2FhLTExZTYtOGY4OC0zNDM2M2JjN2M0YzAiOnsiY3JlYXRlIjo2MDAwMDAwMDAwMDAsImRlbGV0ZSI6MTIwMDAwMDAwMDAwMH0sInNjaGVtYV92ZXJzaW9uIjoiMSJ9",
          "dependencies": [
            "aws_vpc.parth-tf-vpc",
            "random_pet.random_pet"
          ]
        }
      ]
    },
    {
      "mode": "managed",
      "type": "aws_vpc",
      "name": "parth-tf-vpc",
      "provider": "provider[\"registry.terraform.io/hashicorp/aws\"]",
      "instances": [
        {
          "schema_version": 1,
          "attributes": {
            "arn": "arn:aws:ec2:us-east-2:792408036646:vpc/vpc-049c3bbe89f81bfe8",
            "assign_generated_ipv6_cidr_block": false,
            "cidr_block": "10.0.0.0/16",
            "default_network_acl_id": "acl-0d4b8c1fe8481a61b",
            "default_route_table_id": "rtb-02d1845afee16213e",
            "default_security_group_id": "sg-06ac3e8618b1dec5d",
            "dhcp_options_id": "dopt-0902356ae69bf18cc",
            "enable_dns_hostnames": false,
            "enable_dns_support": true,
            "enable_network_address_usage_metrics": false,
            "id": "vpc-049c3bbe89f81bfe8",
            "instance_tenancy": "default",
            "ipv4_ipam_pool_id": null,
            "ipv4_netmask_length": null,
            "ipv6_association_id": "",
            "ipv6_cidr_block": "",
            "ipv6_cidr_block_network_border_group": "",
            "ipv6_ipam_pool_id": "",
            "ipv6_netmask_length": 0,
            "main_route_table_id": "rtb-02d1845afee16213e",
            "owner_id": "792408036646",
            "tags": {
              "Name": "parth-tf-seemingly-intense-mantis"
            },
            "tags_all": {
              "Name": "parth-tf-seemingly-intense-mantis"
            }
          },
          "sensitive_attributes": [],
          "private": "eyJzY2hlbWFfdmVyc2lvbiI6IjEifQ==",
          "dependencies": [
            "random_pet.random_pet"
          ]
        }
      ]
    },
    {
      "mode": "managed",
      "type": "local_file",
      "name": "parth-tf-private-key-file",
      "provider": "provider[\"registry.terraform.io/hashicorp/local\"]",
      "instances": [
        {
          "schema_version": 0,
          "attributes": {
            "content": "-----BEGIN RSA PRIVATE KEY-----\nMIIJJwIBAAKCAgEAsq7iYOqhEiXzKFJdRpaBWnLKUkNyK/6F0e72inZgqZM3a1TI\n77CG3S0d9QLggX3CLBvTJQ64+Jv9g5g8uEuUQxfn3IP/QPdXsWEACHtJQcF6w33y\nq03F7u60pimmYrVM+LHzpoE6FCphaiWQcHFINqvIdx8bLHGN50yEA9NBexiXmSTy\np6jLHFdm1618T8Fwh0lbdlFaThnIhqbo1rOZkwh6vThg2crJUsMK0N3ACgfwyhgY\n9gbAhfyeK+TrVMp5fzDoAMs+nElQYia/U9PxOMjERWD/RlVpDJpBs1vV5FVsVI7C\negy4E2isDyZEiW8rXR7C0vcQs/N6uVd7PyUJTA2ZkD987//0RwwKF1jBoG1U8EMu\nMHiLh7husVOAf1zOWShm0SVAkXrhM/YjDvak39RdTGJOCjqEtkp6BTe2Thowh6Dc\ndkv0HodpufExPx2JdzmCGEX0xbXVYpYjOG1SCefcbCoNM/LNeH0anyr6mol0DZZI\n3Xg5B0XqW9vg3QnGwYfD7c01z39qcpebTNpAj8Kx82uubIomHGzD6K4dEIGohHU1\nLTSXfvDMEHkjJlBmEKcrTRhXAaXWwizQo37/xeu2zICXiGB+eQrYWxRYJyaPPWb6\naTXZ0rSgys5FGv+F5j1mhhxgIePQFUNc/atlWaJ8WFd7Cm4kD3hzyPCXLBkCAwEA\nAQKCAgAsaT1I+2g3W4lZT0dxwPy7n2ZcFfltp+BY8n0CozOZUkbm/XbH5GdQ1+Ln\nP+TPKpO1ZOERB9y/pf3X1GHbKKXcGzf83i32VsPMCaD5erMVjeJWbpp/K2Bz546s\n8hMx24AbHBfEHcByvKnjuRxyZiWduQqlWOznGf48LA9v5/URhGZBoSZSt6hsDek4\n2BzaseinJ3t9J/E7Ejt+BERBAPi9y9C98SJZX4a0dFfe3A7cL2cQw/aIR9tYMhaa\nMFaxh3W1QFGZyOpx6+L30kuhqT7+byAhYl9wetAWWszTqJK8IuM/DRCXR0wFPvHs\n/gTw59muVnPz/YaAQ5cQNAclBa6OdyvlWca/rQDpNBF9O/W1fo5+NC2OoxBWnl2P\nO71MQdDvfOJyRvf9Qb2OEvcrDycGUKGW83YArvgJ2CpzalKJnITFLD/eCaugXmkQ\nA41laPO4Ga0gyTjLP4BWH9csuCF5jroYE97sioDIvCI+ANeUcsKGOdfZfIpUu3Ce\nkE7+iKzrkQfybkKM2kuFT0allO6ORM6S0PrQypOm8r1DsK8UQRy5i0rK1UioKUgl\nGNchh2Wavh69BnKsO7XUEQJ7LEu5t/FW8s3Qj7CrVVUUu4j0dj2qt01Ur3Flec17\nHd/UFTs7Xcnbd8LEpzavaOV5n1DEW1zJmUC8eHnUavEs6vMOpQKCAQEA4MWYoQNT\nfazW7y2FiX0kzMF2jhbH5EeVubyOwX/k4jUxJSaA71Y9/YeHYe8vVb4D8X5WKM4X\n1E+Uynnnpjg7pMqya6ZJI7IPPeL/SIpKlBn8M1UhPhhVmus1HXeIlYcka8uitiBD\nK16SifO1A/bmj3UO5GtD3pNMSsqUZBpiVbGcBkmcKZ/J6ZpvfVkE125Nfsvm9sr+\nF+TIZ9foJ7Xq5ZNK4IeIM3dljgRKk3dDNl97he5W3MoBVde3yo2/EIvQDIXnXmAh\nIekImjOV2L+T8FxWySVvxs3aIRIjfWOxg+z/bh0/BWv93uLc++oaqgO3NSOcsp9j\nHw7JWEceLiacGwKCAQEAy4IP8+gGmL5v7KpB6uGzLflp+xA6qZ+/iPqv3owZjsZV\n3AZZhhRA0rknC+iXyPoCcXsHjwcWa8qIA1noh6uubK9fmpB2BkTzbAQzNSHXGFcW\nm4nC7R5sK+ULWU/xa+n84f15kXzQshnu4LuqaA3p+MlPD7CRb/iY5XIxyeIgX1GC\nIyxH9GIH9fU7727iykG+84dhcNLex238NQKIQBOt9bZaIOx5xKRb7czoAFqU7+OA\nf7dHNwN5ckWsHvzXuHo/JUi06hEAyHkybJUVsI9xq6Cxw4C0ZXlvYx7tzBSBfwCy\nfYsLsE7U+64kJz+MuiZXufHbF2BNUKZl+FswYEbz2wKCAQAApRB3BcdriN9k+EB1\n0IIWhEeOyMnyAbKQQdY2/+LsMzLc5GtiRGERJR5iTYlZOZ5RRweAPncbCM9odUkQ\n1QB2zI4OeP+ktpIMn2YUEzF7k0eB7jCWOQOl2h7g4sLliumz1XW2CAmpSjApbSWL\nyV2H89IDHbuoG8wQOtyKHPlDPasw6W0lQWwW23aOaX72Dz7xqiwTcSmhb+qTQa9M\nzdzKo82HL1xYqXMFIUYFfkYXFdcI31Iod/vg/ylrz1RI+92w64FqZ+QwcLaxmoxH\nfuUxv1IQaacUbuq9RYwMhAiyVC+3ZSYVIeYsiYIQxu8kpbYU1PFSIdrq7+Pr+OhB\nQaMZAoIBACwc71RRkUx+y0gjx9IgRnTKwbxYUj7+j8gjfwfgmpGmUGo3PiSgM0T6\nOYqNSomYF/t9TbAlOyj2Z/FCBfOStWZ9xV19vvew7osVhfwYb8Wo6w+gFw7LL2t8\nZK9hctWPjO93wGhXA+33TR6Nz2xqx7LUAD1Iat44pvvlewFl8Np4kpsJODezIEKi\ne/F0udhZ1Ah56hdIvl3Aa5EaEWrCWU0P0A2e9O45KmwrpIafG/W7/NiyY897A1JP\n4/V7nU8xwIpWblDmiqLqEpIS5va0wVEQrjfQqEnuvsRfqfA46bEb95TbFReMnwJH\nRzLyxZB8SzvVP0ab62Z2C1iAe8YC200CggEADDj/L3xbzJ67QsGF6V295oNWDQ6b\nbW4oPn7BWglGzqDDndYsJDOBF0FVZv+nCU7aMhR29WoOBlaT6A6x437SaWQbv0i0\nPlxNVoqcY0EF0cXF9HE1kAxtM/I+9J0yTUP0viKRwE+iJb2d3PVIfXnfQrSsUbuF\neMicjxfVYNCtvpvLFXgd17jgN5mkzlS9WVmIa+lnefSvOruy17dQrO90F67trZN+\nCzCIHN0LO15vlCq8VRF1LktgdB3Ldf+tRNss3jnkeCvHi0XNSHzATGCV5pJIR4pA\nAN4SqBM+UbTar1wIzWByDcff4SFxgbYyiFys/0Bptx1gXlg0sH+gGIp1GA==\n-----END RSA PRIVATE KEY-----\n",
            "content_base64": null,
            "content_base64sha256": "obvqKICSBRjZgAfqgcfuQ6Iij8OMtNJ/UqlpymxldZw=",
            "content_base64sha512": "P8Mw9A3CJwq7bU0GFe++4+jLNIB9e7J2Whf/5ISN5zR2CI3l6VRnvYMk4iEr1WBcWMqOFMPsGYez1CCnRrybSQ==",
            "content_md5": "e706fbd6ba27048694c339250d577940",
            "content_sha1": "e7c5feb4d0641db2be75024827495bb9db39be63",
            "content_sha256": "a1bbea2880920518d98007ea81c7ee43a2228fc38cb4d27f52a969ca6c65759c",
            "content_sha512": "3fc330f40dc2270abb6d4d0615efbee3e8cb34807d7bb2765a17ffe4848de73476088de5e95467bd8324e2212bd5605c58ca8e14c3ec1987b3d420a746bc9b49",
            "directory_permission": "0777",
            "file_permission": "0777",
            "filename": "parth-tf-seemingly-intense-mantis.pem",
            "id": "e7c5feb4d0641db2be75024827495bb9db39be63",
            "sensitive_content": null,
            "source": null
          },
          "sensitive_attributes": [
            [
              {
                "type": "get_attr",
                "value": "content"
              }
            ]
          ],
          "dependencies": [
            "random_pet.random_pet",
            "tls_private_key.parth-tf-private-key"
          ]
        }
      ]
    },
    {
      "mode": "managed",
      "type": "local_file",
      "name": "parth-tf-windows-ec2-rdp",
      "provider": "provider[\"registry.terraform.io/hashicorp/local\"]",
      "instances": [
        {
          "schema_version": 0,
          "attributes": {
            "content": "auto connect:i:1\nfull address:s:3.144.25.200\nusername:s:Administrator\naudiomode:i:2\naudiocapturemode:i:1\n",
            "content_base64": null,
            "content_base64sha256": "fPHHa5bGoBBZr83aUUIaNTpgtKh49rU9CSYR9lbsoL0=",
            "content_base64sha512": "abGeRwXZkuyXBCkB5Kq+km1I8YTkpOvkoJBn6+gDU4Puy282LfdzqALihVcuarK5HEt1Ric3nkrwkxYoP+cWBw==",
            "content_md5": "af29f30c6c56bf929226c588b3807543",
            "content_sha1": "09a125e71112cec2deb2c3b408060a79090ee694",
            "content_sha256": "7cf1c76b96c6a01059afcdda51421a353a60b4a878f6b53d092611f656eca0bd",
            "content_sha512": "69b19e4705d992ec97042901e4aabe926d48f184e4a4ebe4a09067ebe8035383eecb6f362df773a802e285572e6ab2b91c4b754627379e4af09316283fe71607",
            "directory_permission": "0777",
            "file_permission": "0777",
            "filename": "parth-tf-windows-ec2.rdp",
            "id": "09a125e71112cec2deb2c3b408060a79090ee694",
            "sensitive_content": null,
            "source": null
          },
          "sensitive_attributes": [],
          "dependencies": [
            "aws_instance.parth-tf-public-web-ec2",
            "aws_key_pair.parth-tf-key-pair",
            "aws_security_group.parth-tf-public-web-sg",
            "aws_subnet.parth-tf-public-subnet",
            "aws_vpc.parth-tf-vpc",
            "data.http.myip",
            "random_pet.random_pet",
            "tls_private_key.parth-tf-private-key"
          ]
        }
      ]
    },
    {
      "mode": "managed",
      "type": "null_resource",
      "name": "execute_rdp",
      "provider": "provider[\"registry.terraform.io/hashicorp/null\"]",
      "instances": [
        {
          "schema_version": 0,
          "attributes": {
            "id": "5073063582142357354",
            "triggers": {
              "rdp_file": "parth-tf-windows-ec2.rdp"
            }
          },
          "sensitive_attributes": [],
          "dependencies": [
            "aws_instance.parth-tf-public-web-ec2",
            "aws_key_pair.parth-tf-key-pair",
            "aws_security_group.parth-tf-public-web-sg",
            "aws_subnet.parth-tf-public-subnet",
            "aws_vpc.parth-tf-vpc",
            "data.http.myip",
            "local_file.parth-tf-windows-ec2-rdp",
            "random_pet.random_pet",
            "tls_private_key.parth-tf-private-key"
          ]
        }
      ]
    },
    {
      "mode": "managed",
      "type": "random_id",
      "name": "random_id",
      "provider": "provider[\"registry.terraform.io/hashicorp/random\"]",
      "instances": [
        {
          "schema_version": 0,
          "attributes": {
            "b64_std": "zRROG7VV0c0=",
            "b64_url": "zRROG7VV0c0",
            "byte_length": 8,
            "dec": "14777522158222823885",
            "hex": "cd144e1bb555d1cd",
            "id": "zRROG7VV0c0",
            "keepers": null,
            "prefix": null
          },
          "sensitive_attributes": []
        }
      ]
    },
    {
      "mode": "managed",
      "type": "random_integer",
      "name": "random_integer",
      "provider": "provider[\"registry.terraform.io/hashicorp/random\"]",
      "instances": [
        {
          "schema_version": 0,
          "attributes": {
            "id": "6604",
            "keepers": null,
            "max": 9999,
            "min": 1000,
            "result": 6604,
            "seed": null
          },
          "sensitive_attributes": []
        }
      ]
    },
    {
      "mode": "managed",
      "type": "random_password",
      "name": "random_password",
      "provider": "provider[\"registry.terraform.io/hashicorp/random\"]",
      "instances": [
        {
          "schema_version": 3,
          "attributes": {
            "bcrypt_hash": "$2a$10$X6M3.6h1NPhNT.o5iMV87O.wXsR2dpmJoHmfr9JQwt55S/UM4600K",
            "id": "none",
            "keepers": null,
            "length": 16,
            "lower": true,
            "min_lower": 0,
            "min_numeric": 0,
            "min_special": 0,
            "min_upper": 0,
            "number": true,
            "numeric": true,
            "override_special": "_%@!",
            "result": "KZavwK@monelMPe5",
            "special": true,
            "upper": true
          },
          "sensitive_attributes": []
        }
      ]
    },
    {
      "mode": "managed",
      "type": "random_pet",
      "name": "random_pet",
      "provider": "provider[\"registry.terraform.io/hashicorp/random\"]",
      "instances": [
        {
          "schema_version": 0,
          "attributes": {
            "id": "parth-tf-seemingly-intense-mantis",
            "keepers": null,
            "length": 3,
            "prefix": "parth-tf",
            "separator": "-"
          },
          "sensitive_attributes": []
        }
      ]
    },
    {
      "mode": "managed",
      "type": "random_string",
      "name": "random_string",
      "provider": "provider[\"registry.terraform.io/hashicorp/random\"]",
      "instances": [
        {
          "schema_version": 2,
          "attributes": {
            "id": "tbveevmo",
            "keepers": null,
            "length": 8,
            "lower": true,
            "min_lower": 0,
            "min_numeric": 0,
            "min_special": 0,
            "min_upper": 0,
            "number": false,
            "numeric": false,
            "override_special": null,
            "result": "tbveevmo",
            "special": false,
            "upper": false
          },
          "sensitive_attributes": []
        }
      ]
    },
    {
      "mode": "managed",
      "type": "random_uuid",
      "name": "random_uuid",
      "provider": "provider[\"registry.terraform.io/hashicorp/random\"]",
      "instances": [
        {
          "schema_version": 0,
          "attributes": {
            "id": "42c19e38-224a-ab05-fc1c-7c4577d34744",
            "keepers": null,
            "result": "42c19e38-224a-ab05-fc1c-7c4577d34744"
          },
          "sensitive_attributes": []
        }
      ]
    },
    {
      "mode": "managed",
      "type": "tls_private_key",
      "name": "parth-tf-private-key",
      "provider": "provider[\"registry.terraform.io/hashicorp/tls\"]",
      "instances": [
        {
          "schema_version": 1,
          "attributes": {
            "algorithm": "RSA",
            "ecdsa_curve": "P224",
            "id": "9366ddf02323bb20ef6d859d3966b0da2a56a13f",
            "private_key_openssh": "-----BEGIN OPENSSH PRIVATE KEY-----\nb3BlbnNzaC1rZXktdjEAAAAABG5vbmUAAAAEbm9uZQAAAAAAAAABAAACFwAAAAdz\nc2gtcnNhAAAAAwEAAQAAAgEAsq7iYOqhEiXzKFJdRpaBWnLKUkNyK/6F0e72inZg\nqZM3a1TI77CG3S0d9QLggX3CLBvTJQ64+Jv9g5g8uEuUQxfn3IP/QPdXsWEACHtJ\nQcF6w33yq03F7u60pimmYrVM+LHzpoE6FCphaiWQcHFINqvIdx8bLHGN50yEA9NB\nexiXmSTyp6jLHFdm1618T8Fwh0lbdlFaThnIhqbo1rOZkwh6vThg2crJUsMK0N3A\nCgfwyhgY9gbAhfyeK+TrVMp5fzDoAMs+nElQYia/U9PxOMjERWD/RlVpDJpBs1vV\n5FVsVI7Cegy4E2isDyZEiW8rXR7C0vcQs/N6uVd7PyUJTA2ZkD987//0RwwKF1jB\noG1U8EMuMHiLh7husVOAf1zOWShm0SVAkXrhM/YjDvak39RdTGJOCjqEtkp6BTe2\nThowh6Dcdkv0HodpufExPx2JdzmCGEX0xbXVYpYjOG1SCefcbCoNM/LNeH0anyr6\nmol0DZZI3Xg5B0XqW9vg3QnGwYfD7c01z39qcpebTNpAj8Kx82uubIomHGzD6K4d\nEIGohHU1LTSXfvDMEHkjJlBmEKcrTRhXAaXWwizQo37/xeu2zICXiGB+eQrYWxRY\nJyaPPWb6aTXZ0rSgys5FGv+F5j1mhhxgIePQFUNc/atlWaJ8WFd7Cm4kD3hzyPCX\nLBkAAAc4dMUqtXTFKrUAAAAHc3NoLXJzYQAAAgEAsq7iYOqhEiXzKFJdRpaBWnLK\nUkNyK/6F0e72inZgqZM3a1TI77CG3S0d9QLggX3CLBvTJQ64+Jv9g5g8uEuUQxfn\n3IP/QPdXsWEACHtJQcF6w33yq03F7u60pimmYrVM+LHzpoE6FCphaiWQcHFINqvI\ndx8bLHGN50yEA9NBexiXmSTyp6jLHFdm1618T8Fwh0lbdlFaThnIhqbo1rOZkwh6\nvThg2crJUsMK0N3ACgfwyhgY9gbAhfyeK+TrVMp5fzDoAMs+nElQYia/U9PxOMjE\nRWD/RlVpDJpBs1vV5FVsVI7Cegy4E2isDyZEiW8rXR7C0vcQs/N6uVd7PyUJTA2Z\nkD987//0RwwKF1jBoG1U8EMuMHiLh7husVOAf1zOWShm0SVAkXrhM/YjDvak39Rd\nTGJOCjqEtkp6BTe2Thowh6Dcdkv0HodpufExPx2JdzmCGEX0xbXVYpYjOG1SCefc\nbCoNM/LNeH0anyr6mol0DZZI3Xg5B0XqW9vg3QnGwYfD7c01z39qcpebTNpAj8Kx\n82uubIomHGzD6K4dEIGohHU1LTSXfvDMEHkjJlBmEKcrTRhXAaXWwizQo37/xeu2\nzICXiGB+eQrYWxRYJyaPPWb6aTXZ0rSgys5FGv+F5j1mhhxgIePQFUNc/atlWaJ8\nWFd7Cm4kD3hzyPCXLBkAAAADAQABAAACACxpPUj7aDdbiVlPR3HA/LufZlwV+W2n\n4FjyfQKjM5lSRub9dsfkZ1DX4uc/5M8qk7Vk4REH3L+l/dfUYdsopdwbN/zeLfZW\nw8wJoPl6sxWN4lZumn8rYHPnjqzyEzHbgBscF8QdwHK8qeO5HHJmJZ25CqVY7OcZ\n/jwsD2/n9RGEZkGhJlK3qGwN6TjYHNqx6Kcne30n8TsSO34EREEA+L3L0L3xIllf\nhrR0V97cDtwvZxDD9ohH21gyFpowVrGHdbVAUZnI6nHr4vfSS6GpPv5vICFiX3B6\n0BZazNOokrwi4z8NEJdHTAU+8ez+BPDn2a5Wc/P9hoBDlxA0ByUFro53K+VZxr+t\nAOk0EX079bV+jn40LY6jEFaeXY87vUxB0O984nJG9/1BvY4S9ysPJwZQoZbzdgCu\n+AnYKnNqUomchMUsP94Jq6BeaRADjWVo87gZrSDJOMs/gFYf1yy4IXmOuhgT3uyK\ngMi8Ij4A15RywoY519l8ilS7cJ6QTv6IrOuRB/JuQozaS4VPRqWU7o5EzpLQ+tDK\nk6byvUOwrxRBHLmLSsrVSKgpSCUY1yGHZZq+Hr0Gcqw7tdQRAnssS7m38VbyzdCP\nsKtVVRS7iPR2Paq3TVSvcWV5zXsd39QVOztdydt3wsSnNq9o5XmfUMRbXMmZQLx4\nedRq8Szq8w6lAAABAAw4/y98W8yeu0LBheldveaDVg0Om21uKD5+wVoJRs6gw53W\nLCQzgRdBVWb/pwlO2jIUdvVqDgZWk+gOseN+0mlkG79ItD5cTVaKnGNBBdHFxfRx\nNZAMbTPyPvSdMk1D9L4ikcBPoiW9ndz1SH1530K0rFG7hXjInI8X1WDQrb6byxV4\nHde44DeZpM5UvVlZiGvpZ3n0rzq7ste3UKzvdBeu7a2TfgswiBzdCzteb5QqvFUR\ndS5LYHQdy3X/rUTbLN455Hgrx4tFzUh8wExgleaSSEeKQADeEqgTPlG02q9cCM1g\ncg3H3+EhcYG2MohcrP9AabcdYF5YNLB/oBiKdRgAAAEBAODFmKEDU32s1u8thYl9\nJMzBdo4Wx+RHlbm8jsF/5OI1MSUmgO9WPf2Hh2HvL1W+A/F+VijOF9RPlMp556Y4\nO6TKsmumSSOyDz3i/0iKSpQZ/DNVIT4YVZrrNR13iJWHJGvLorYgQytekonztQP2\n5o91DuRrQ96TTErKlGQaYlWxnAZJnCmfyemab31ZBNduTX7L5vbK/hfkyGfX6Ce1\n6uWTSuCHiDN3ZY4ESpN3QzZfe4XuVtzKAVXXt8qNvxCL0AyF515gISHpCJozldi/\nk/BcVsklb8bN2iESI31jsYPs/24dPwVr/d7i3PvqGqoDtzUjnLKfYx8OyVhHHi4m\nnBsAAAEBAMuCD/PoBpi+b+yqQerhsy35afsQOqmfv4j6r96MGY7GVdwGWYYUQNK5\nJwvol8j6AnF7B48HFmvKiANZ6IerrmyvX5qQdgZE82wEMzUh1xhXFpuJwu0ebCvl\nC1lP8Wvp/OH9eZF80LIZ7uC7qmgN6fjJTw+wkW/4mOVyMcniIF9RgiMsR/RiB/X1\nO+9u4spBvvOHYXDS3sdt/DUCiEATrfW2WiDsecSkW+3M6ABalO/jgH+3RzcDeXJF\nrB7817h6PyVItOoRAMh5MmyVFbCPcaugscOAtGV5b2Me7cwUgX8Asn2LC7BO1Puu\nJCc/jLomV7nx2xdgTVCmZfhbMGBG89sAAAAAAQID\n-----END OPENSSH PRIVATE KEY-----\n",
            "private_key_pem": "-----BEGIN RSA PRIVATE KEY-----\nMIIJJwIBAAKCAgEAsq7iYOqhEiXzKFJdRpaBWnLKUkNyK/6F0e72inZgqZM3a1TI\n77CG3S0d9QLggX3CLBvTJQ64+Jv9g5g8uEuUQxfn3IP/QPdXsWEACHtJQcF6w33y\nq03F7u60pimmYrVM+LHzpoE6FCphaiWQcHFINqvIdx8bLHGN50yEA9NBexiXmSTy\np6jLHFdm1618T8Fwh0lbdlFaThnIhqbo1rOZkwh6vThg2crJUsMK0N3ACgfwyhgY\n9gbAhfyeK+TrVMp5fzDoAMs+nElQYia/U9PxOMjERWD/RlVpDJpBs1vV5FVsVI7C\negy4E2isDyZEiW8rXR7C0vcQs/N6uVd7PyUJTA2ZkD987//0RwwKF1jBoG1U8EMu\nMHiLh7husVOAf1zOWShm0SVAkXrhM/YjDvak39RdTGJOCjqEtkp6BTe2Thowh6Dc\ndkv0HodpufExPx2JdzmCGEX0xbXVYpYjOG1SCefcbCoNM/LNeH0anyr6mol0DZZI\n3Xg5B0XqW9vg3QnGwYfD7c01z39qcpebTNpAj8Kx82uubIomHGzD6K4dEIGohHU1\nLTSXfvDMEHkjJlBmEKcrTRhXAaXWwizQo37/xeu2zICXiGB+eQrYWxRYJyaPPWb6\naTXZ0rSgys5FGv+F5j1mhhxgIePQFUNc/atlWaJ8WFd7Cm4kD3hzyPCXLBkCAwEA\nAQKCAgAsaT1I+2g3W4lZT0dxwPy7n2ZcFfltp+BY8n0CozOZUkbm/XbH5GdQ1+Ln\nP+TPKpO1ZOERB9y/pf3X1GHbKKXcGzf83i32VsPMCaD5erMVjeJWbpp/K2Bz546s\n8hMx24AbHBfEHcByvKnjuRxyZiWduQqlWOznGf48LA9v5/URhGZBoSZSt6hsDek4\n2BzaseinJ3t9J/E7Ejt+BERBAPi9y9C98SJZX4a0dFfe3A7cL2cQw/aIR9tYMhaa\nMFaxh3W1QFGZyOpx6+L30kuhqT7+byAhYl9wetAWWszTqJK8IuM/DRCXR0wFPvHs\n/gTw59muVnPz/YaAQ5cQNAclBa6OdyvlWca/rQDpNBF9O/W1fo5+NC2OoxBWnl2P\nO71MQdDvfOJyRvf9Qb2OEvcrDycGUKGW83YArvgJ2CpzalKJnITFLD/eCaugXmkQ\nA41laPO4Ga0gyTjLP4BWH9csuCF5jroYE97sioDIvCI+ANeUcsKGOdfZfIpUu3Ce\nkE7+iKzrkQfybkKM2kuFT0allO6ORM6S0PrQypOm8r1DsK8UQRy5i0rK1UioKUgl\nGNchh2Wavh69BnKsO7XUEQJ7LEu5t/FW8s3Qj7CrVVUUu4j0dj2qt01Ur3Flec17\nHd/UFTs7Xcnbd8LEpzavaOV5n1DEW1zJmUC8eHnUavEs6vMOpQKCAQEA4MWYoQNT\nfazW7y2FiX0kzMF2jhbH5EeVubyOwX/k4jUxJSaA71Y9/YeHYe8vVb4D8X5WKM4X\n1E+Uynnnpjg7pMqya6ZJI7IPPeL/SIpKlBn8M1UhPhhVmus1HXeIlYcka8uitiBD\nK16SifO1A/bmj3UO5GtD3pNMSsqUZBpiVbGcBkmcKZ/J6ZpvfVkE125Nfsvm9sr+\nF+TIZ9foJ7Xq5ZNK4IeIM3dljgRKk3dDNl97he5W3MoBVde3yo2/EIvQDIXnXmAh\nIekImjOV2L+T8FxWySVvxs3aIRIjfWOxg+z/bh0/BWv93uLc++oaqgO3NSOcsp9j\nHw7JWEceLiacGwKCAQEAy4IP8+gGmL5v7KpB6uGzLflp+xA6qZ+/iPqv3owZjsZV\n3AZZhhRA0rknC+iXyPoCcXsHjwcWa8qIA1noh6uubK9fmpB2BkTzbAQzNSHXGFcW\nm4nC7R5sK+ULWU/xa+n84f15kXzQshnu4LuqaA3p+MlPD7CRb/iY5XIxyeIgX1GC\nIyxH9GIH9fU7727iykG+84dhcNLex238NQKIQBOt9bZaIOx5xKRb7czoAFqU7+OA\nf7dHNwN5ckWsHvzXuHo/JUi06hEAyHkybJUVsI9xq6Cxw4C0ZXlvYx7tzBSBfwCy\nfYsLsE7U+64kJz+MuiZXufHbF2BNUKZl+FswYEbz2wKCAQAApRB3BcdriN9k+EB1\n0IIWhEeOyMnyAbKQQdY2/+LsMzLc5GtiRGERJR5iTYlZOZ5RRweAPncbCM9odUkQ\n1QB2zI4OeP+ktpIMn2YUEzF7k0eB7jCWOQOl2h7g4sLliumz1XW2CAmpSjApbSWL\nyV2H89IDHbuoG8wQOtyKHPlDPasw6W0lQWwW23aOaX72Dz7xqiwTcSmhb+qTQa9M\nzdzKo82HL1xYqXMFIUYFfkYXFdcI31Iod/vg/ylrz1RI+92w64FqZ+QwcLaxmoxH\nfuUxv1IQaacUbuq9RYwMhAiyVC+3ZSYVIeYsiYIQxu8kpbYU1PFSIdrq7+Pr+OhB\nQaMZAoIBACwc71RRkUx+y0gjx9IgRnTKwbxYUj7+j8gjfwfgmpGmUGo3PiSgM0T6\nOYqNSomYF/t9TbAlOyj2Z/FCBfOStWZ9xV19vvew7osVhfwYb8Wo6w+gFw7LL2t8\nZK9hctWPjO93wGhXA+33TR6Nz2xqx7LUAD1Iat44pvvlewFl8Np4kpsJODezIEKi\ne/F0udhZ1Ah56hdIvl3Aa5EaEWrCWU0P0A2e9O45KmwrpIafG/W7/NiyY897A1JP\n4/V7nU8xwIpWblDmiqLqEpIS5va0wVEQrjfQqEnuvsRfqfA46bEb95TbFReMnwJH\nRzLyxZB8SzvVP0ab62Z2C1iAe8YC200CggEADDj/L3xbzJ67QsGF6V295oNWDQ6b\nbW4oPn7BWglGzqDDndYsJDOBF0FVZv+nCU7aMhR29WoOBlaT6A6x437SaWQbv0i0\nPlxNVoqcY0EF0cXF9HE1kAxtM/I+9J0yTUP0viKRwE+iJb2d3PVIfXnfQrSsUbuF\neMicjxfVYNCtvpvLFXgd17jgN5mkzlS9WVmIa+lnefSvOruy17dQrO90F67trZN+\nCzCIHN0LO15vlCq8VRF1LktgdB3Ldf+tRNss3jnkeCvHi0XNSHzATGCV5pJIR4pA\nAN4SqBM+UbTar1wIzWByDcff4SFxgbYyiFys/0Bptx1gXlg0sH+gGIp1GA==\n-----END RSA PRIVATE KEY-----\n",
            "private_key_pem_pkcs8": "-----BEGIN PRIVATE KEY-----\nMIIJQQIBADANBgkqhkiG9w0BAQEFAASCCSswggknAgEAAoICAQCyruJg6qESJfMo\nUl1GloFacspSQ3Ir/oXR7vaKdmCpkzdrVMjvsIbdLR31AuCBfcIsG9MlDrj4m/2D\nmDy4S5RDF+fcg/9A91exYQAIe0lBwXrDffKrTcXu7rSmKaZitUz4sfOmgToUKmFq\nJZBwcUg2q8h3HxsscY3nTIQD00F7GJeZJPKnqMscV2bXrXxPwXCHSVt2UVpOGciG\npujWs5mTCHq9OGDZyslSwwrQ3cAKB/DKGBj2BsCF/J4r5OtUynl/MOgAyz6cSVBi\nJr9T0/E4yMRFYP9GVWkMmkGzW9XkVWxUjsJ6DLgTaKwPJkSJbytdHsLS9xCz83q5\nV3s/JQlMDZmQP3zv//RHDAoXWMGgbVTwQy4weIuHuG6xU4B/XM5ZKGbRJUCReuEz\n9iMO9qTf1F1MYk4KOoS2SnoFN7ZOGjCHoNx2S/Qeh2m58TE/HYl3OYIYRfTFtdVi\nliM4bVIJ59xsKg0z8s14fRqfKvqaiXQNlkjdeDkHRepb2+DdCcbBh8PtzTXPf2py\nl5tM2kCPwrHza65siiYcbMPorh0QgaiEdTUtNJd+8MwQeSMmUGYQpytNGFcBpdbC\nLNCjfv/F67bMgJeIYH55CthbFFgnJo89ZvppNdnStKDKzkUa/4XmPWaGHGAh49AV\nQ1z9q2VZonxYV3sKbiQPeHPI8JcsGQIDAQABAoICACxpPUj7aDdbiVlPR3HA/Luf\nZlwV+W2n4FjyfQKjM5lSRub9dsfkZ1DX4uc/5M8qk7Vk4REH3L+l/dfUYdsopdwb\nN/zeLfZWw8wJoPl6sxWN4lZumn8rYHPnjqzyEzHbgBscF8QdwHK8qeO5HHJmJZ25\nCqVY7OcZ/jwsD2/n9RGEZkGhJlK3qGwN6TjYHNqx6Kcne30n8TsSO34EREEA+L3L\n0L3xIllfhrR0V97cDtwvZxDD9ohH21gyFpowVrGHdbVAUZnI6nHr4vfSS6GpPv5v\nICFiX3B60BZazNOokrwi4z8NEJdHTAU+8ez+BPDn2a5Wc/P9hoBDlxA0ByUFro53\nK+VZxr+tAOk0EX079bV+jn40LY6jEFaeXY87vUxB0O984nJG9/1BvY4S9ysPJwZQ\noZbzdgCu+AnYKnNqUomchMUsP94Jq6BeaRADjWVo87gZrSDJOMs/gFYf1yy4IXmO\nuhgT3uyKgMi8Ij4A15RywoY519l8ilS7cJ6QTv6IrOuRB/JuQozaS4VPRqWU7o5E\nzpLQ+tDKk6byvUOwrxRBHLmLSsrVSKgpSCUY1yGHZZq+Hr0Gcqw7tdQRAnssS7m3\n8VbyzdCPsKtVVRS7iPR2Paq3TVSvcWV5zXsd39QVOztdydt3wsSnNq9o5XmfUMRb\nXMmZQLx4edRq8Szq8w6lAoIBAQDgxZihA1N9rNbvLYWJfSTMwXaOFsfkR5W5vI7B\nf+TiNTElJoDvVj39h4dh7y9VvgPxflYozhfUT5TKeeemODukyrJrpkkjsg894v9I\nikqUGfwzVSE+GFWa6zUdd4iVhyRry6K2IEMrXpKJ87UD9uaPdQ7ka0Pek0xKypRk\nGmJVsZwGSZwpn8npmm99WQTXbk1+y+b2yv4X5Mhn1+gnterlk0rgh4gzd2WOBEqT\nd0M2X3uF7lbcygFV17fKjb8Qi9AMhedeYCEh6QiaM5XYv5PwXFbJJW/GzdohEiN9\nY7GD7P9uHT8Fa/3e4tz76hqqA7c1I5yyn2MfDslYRx4uJpwbAoIBAQDLgg/z6AaY\nvm/sqkHq4bMt+Wn7EDqpn7+I+q/ejBmOxlXcBlmGFEDSuScL6JfI+gJxewePBxZr\nyogDWeiHq65sr1+akHYGRPNsBDM1IdcYVxabicLtHmwr5QtZT/Fr6fzh/XmRfNCy\nGe7gu6poDen4yU8PsJFv+JjlcjHJ4iBfUYIjLEf0Ygf19TvvbuLKQb7zh2Fw0t7H\nbfw1AohAE631tlog7HnEpFvtzOgAWpTv44B/t0c3A3lyRawe/Ne4ej8lSLTqEQDI\neTJslRWwj3GroLHDgLRleW9jHu3MFIF/ALJ9iwuwTtT7riQnP4y6Jle58dsXYE1Q\npmX4WzBgRvPbAoIBAAClEHcFx2uI32T4QHXQghaER47IyfIBspBB1jb/4uwzMtzk\na2JEYRElHmJNiVk5nlFHB4A+dxsIz2h1SRDVAHbMjg54/6S2kgyfZhQTMXuTR4Hu\nMJY5A6XaHuDiwuWK6bPVdbYICalKMCltJYvJXYfz0gMdu6gbzBA63Ioc+UM9qzDp\nbSVBbBbbdo5pfvYPPvGqLBNxKaFv6pNBr0zN3MqjzYcvXFipcwUhRgV+RhcV1wjf\nUih3++D/KWvPVEj73bDrgWpn5DBwtrGajEd+5TG/UhBppxRu6r1FjAyECLJUL7dl\nJhUh5iyJghDG7ySlthTU8VIh2urv4+v46EFBoxkCggEALBzvVFGRTH7LSCPH0iBG\ndMrBvFhSPv6PyCN/B+CakaZQajc+JKAzRPo5io1KiZgX+31NsCU7KPZn8UIF85K1\nZn3FXX2+97DuixWF/BhvxajrD6AXDssva3xkr2Fy1Y+M73fAaFcD7fdNHo3PbGrH\nstQAPUhq3jim++V7AWXw2niSmwk4N7MgQqJ78XS52FnUCHnqF0i+XcBrkRoRasJZ\nTQ/QDZ707jkqbCukhp8b9bv82LJjz3sDUk/j9XudTzHAilZuUOaKouoSkhLm9rTB\nURCuN9CoSe6+xF+p8DjpsRv3lNsVF4yfAkdHMvLFkHxLO9U/RpvrZnYLWIB7xgLb\nTQKCAQAMOP8vfFvMnrtCwYXpXb3mg1YNDpttbig+fsFaCUbOoMOd1iwkM4EXQVVm\n/6cJTtoyFHb1ag4GVpPoDrHjftJpZBu/SLQ+XE1WipxjQQXRxcX0cTWQDG0z8j70\nnTJNQ/S+IpHAT6IlvZ3c9Uh9ed9CtKxRu4V4yJyPF9Vg0K2+m8sVeB3XuOA3maTO\nVL1ZWYhr6Wd59K86u7LXt1Cs73QXru2tk34LMIgc3Qs7Xm+UKrxVEXUuS2B0Hct1\n/61E2yzeOeR4K8eLRc1IfMBMYJXmkkhHikAA3hKoEz5RtNqvXAjNYHINx9/hIXGB\ntjKIXKz/QGm3HWBeWDSwf6AYinUY\n-----END PRIVATE KEY-----\n",
            "public_key_fingerprint_md5": "52:c2:51:04:f9:f4:67:d5:2d:39:02:7c:e7:53:ab:4c",
            "public_key_fingerprint_sha256": "SHA256:j5jYG2wBwirrttYa2sVQhB1dE2EVzKlcVnfwm3izW/U",
            "public_key_openssh": "ssh-rsa AAAAB3NzaC1yc2EAAAADAQABAAACAQCyruJg6qESJfMoUl1GloFacspSQ3Ir/oXR7vaKdmCpkzdrVMjvsIbdLR31AuCBfcIsG9MlDrj4m/2DmDy4S5RDF+fcg/9A91exYQAIe0lBwXrDffKrTcXu7rSmKaZitUz4sfOmgToUKmFqJZBwcUg2q8h3HxsscY3nTIQD00F7GJeZJPKnqMscV2bXrXxPwXCHSVt2UVpOGciGpujWs5mTCHq9OGDZyslSwwrQ3cAKB/DKGBj2BsCF/J4r5OtUynl/MOgAyz6cSVBiJr9T0/E4yMRFYP9GVWkMmkGzW9XkVWxUjsJ6DLgTaKwPJkSJbytdHsLS9xCz83q5V3s/JQlMDZmQP3zv//RHDAoXWMGgbVTwQy4weIuHuG6xU4B/XM5ZKGbRJUCReuEz9iMO9qTf1F1MYk4KOoS2SnoFN7ZOGjCHoNx2S/Qeh2m58TE/HYl3OYIYRfTFtdViliM4bVIJ59xsKg0z8s14fRqfKvqaiXQNlkjdeDkHRepb2+DdCcbBh8PtzTXPf2pyl5tM2kCPwrHza65siiYcbMPorh0QgaiEdTUtNJd+8MwQeSMmUGYQpytNGFcBpdbCLNCjfv/F67bMgJeIYH55CthbFFgnJo89ZvppNdnStKDKzkUa/4XmPWaGHGAh49AVQ1z9q2VZonxYV3sKbiQPeHPI8JcsGQ==\n",
            "public_key_pem": "-----BEGIN PUBLIC KEY-----\nMIICIjANBgkqhkiG9w0BAQEFAAOCAg8AMIICCgKCAgEAsq7iYOqhEiXzKFJdRpaB\nWnLKUkNyK/6F0e72inZgqZM3a1TI77CG3S0d9QLggX3CLBvTJQ64+Jv9g5g8uEuU\nQxfn3IP/QPdXsWEACHtJQcF6w33yq03F7u60pimmYrVM+LHzpoE6FCphaiWQcHFI\nNqvIdx8bLHGN50yEA9NBexiXmSTyp6jLHFdm1618T8Fwh0lbdlFaThnIhqbo1rOZ\nkwh6vThg2crJUsMK0N3ACgfwyhgY9gbAhfyeK+TrVMp5fzDoAMs+nElQYia/U9Px\nOMjERWD/RlVpDJpBs1vV5FVsVI7Cegy4E2isDyZEiW8rXR7C0vcQs/N6uVd7PyUJ\nTA2ZkD987//0RwwKF1jBoG1U8EMuMHiLh7husVOAf1zOWShm0SVAkXrhM/YjDvak\n39RdTGJOCjqEtkp6BTe2Thowh6Dcdkv0HodpufExPx2JdzmCGEX0xbXVYpYjOG1S\nCefcbCoNM/LNeH0anyr6mol0DZZI3Xg5B0XqW9vg3QnGwYfD7c01z39qcpebTNpA\nj8Kx82uubIomHGzD6K4dEIGohHU1LTSXfvDMEHkjJlBmEKcrTRhXAaXWwizQo37/\nxeu2zICXiGB+eQrYWxRYJyaPPWb6aTXZ0rSgys5FGv+F5j1mhhxgIePQFUNc/atl\nWaJ8WFd7Cm4kD3hzyPCXLBkCAwEAAQ==\n-----END PUBLIC KEY-----\n",
            "rsa_bits": 4096
          },
          "sensitive_attributes": []
        }
      ]
    }
  ],
  "check_results": null
}
